
Microsoft Visual Studio Solution File, Format Version 12.00
# Visual Studio Version 16
VisualStudioVersion = 16.0.30717.126
MinimumVisualStudioVersion = 10.0.40219.1
Project("{FAE04EC0-301F-11D3-BF4B-00C04F79EFBC}") = "Malinina.Homework1", "src\Malinina.Homework1\Malinina.Homework1.csproj", "{1E1C0EE7-E9CF-423D-9C4D-E6FF67320A27}"
EndProject
Global
	GlobalSection(SolutionConfigurationPlatforms) = preSolution
		Debug|Any CPU = Debug|Any CPU
		Release|Any CPU = Release|Any CPU
	EndGlobalSection
	GlobalSection(ProjectConfigurationPlatforms) = postSolution
		{1E1C0EE7-E9CF-423D-9C4D-E6FF67320A27}.Debug|Any CPU.ActiveCfg = Debug|Any CPU
		{1E1C0EE7-E9CF-423D-9C4D-E6FF67320A27}.Debug|Any CPU.Build.0 = Debug|Any CPU
		{1E1C0EE7-E9CF-423D-9C4D-E6FF67320A27}.Release|Any CPU.ActiveCfg = Release|Any CPU
		{1E1C0EE7-E9CF-423D-9C4D-E6FF67320A27}.Release|Any CPU.Build.0 = Release|Any CPU
	EndGlobalSection
	GlobalSection(SolutionProperties) = preSolution
		HideSolutionNode = FALSE
	EndGlobalSection
	GlobalSection(ExtensibilityGlobals) = postSolution
		SolutionGuid = {863FFE65-F216-4E13-A15B-0B2A6505999C}
	EndGlobalSection
EndGlobal
